
Microsoft Visual Studio Solution File, Format Version 12.00
# Visual Studio Version 17
VisualStudioVersion = 17.6.33829.357
MinimumVisualStudioVersion = 10.0.40219.1
Project("{FAE04EC0-301F-11D3-BF4B-00C04F79EFBC}") = "ProductAppWithEncapsulation", "ProductAppWithEncapsulation\ProductAppWithEncapsulation.csproj", "{8C839FBE-2B49-4429-A3F3-5016E99A4361}"
EndProject
Global
	GlobalSection(SolutionConfigurationPlatforms) = preSolution
		Debug|Any CPU = Debug|Any CPU
		Release|Any CPU = Release|Any CPU
	EndGlobalSection
	GlobalSection(ProjectConfigurationPlatforms) = postSolution
		{8C839FBE-2B49-4429-A3F3-5016E99A4361}.Debug|Any CPU.ActiveCfg = Debug|Any CPU
		{8C839FBE-2B49-4429-A3F3-5016E99A4361}.Debug|Any CPU.Build.0 = Debug|Any CPU
		{8C839FBE-2B49-4429-A3F3-5016E99A4361}.Release|Any CPU.ActiveCfg = Release|Any CPU
		{8C839FBE-2B49-4429-A3F3-5016E99A4361}.Release|Any CPU.Build.0 = Release|Any CPU
	EndGlobalSection
	GlobalSection(SolutionProperties) = preSolution
		HideSolutionNode = FALSE
	EndGlobalSection
	GlobalSection(ExtensibilityGlobals) = postSolution
		SolutionGuid = {66DD5484-7133-4CB6-88CC-A13D2292249A}
	EndGlobalSection
EndGlobal
